// !$*UTF8*$!
{
	archiveVersion = 1;
	classes = {
	};
	objectVersion = 48;
	objects = {

/* Begin PBXBuildFile section */
		99AF7D3D20E35D0E0063D026 /* rr_AppIcon60x60@2x.png in Resources */ = {isa = PBXBuildFile; fileRef = 99AF7D3B20E35D0D0063D026 /* rr_AppIcon60x60@2x.png */; };
		99AF7D3E20E35D0E0063D026 /* rr_AppIcon60x60@3x.png in Resources */ = {isa = PBXBuildFile; fileRef = 99AF7D3C20E35D0D0063D026 /* rr_AppIcon60x60@3x.png */; };
		99AF7D4320E365810063D026 /* lg_app_60@3x.png in Resources */ = {isa = PBXBuildFile; fileRef = 99AF7D4120E365810063D026 /* lg_app_60@3x.png */; };
		99AF7D4420E365810063D026 /* lg_app_60@2x.png in Resources */ = {isa = PBXBuildFile; fileRef = 99AF7D4220E365810063D026 /* lg_app_60@2x.png */; };
		99C024F520CFA3A1003EF0E1 /* AppDelegate.m in Sources */ = {isa = PBXBuildFile; fileRef = 99C024F420CFA3A1003EF0E1 /* AppDelegate.m */; };
		99C024F820CFA3A1003EF0E1 /* ViewController.m in Sources */ = {isa = PBXBuildFile; fileRef = 99C024F720CFA3A1003EF0E1 /* ViewController.m */; };
		99C024FB20CFA3A1003EF0E1 /* Main.storyboard in Resources */ = {isa = PBXBuildFile; fileRef = 99C024F920CFA3A1003EF0E1 /* Main.storyboard */; };
		99C024FD20CFA3A1003EF0E1 /* Assets.xcassets in Resources */ = {isa = PBXBuildFile; fileRef = 99C024FC20CFA3A1003EF0E1 /* Assets.xcassets */; };
		99C0250020CFA3A1003EF0E1 /* LaunchScreen.storyboard in Resources */ = {isa = PBXBuildFile; fileRef = 99C024FE20CFA3A1003EF0E1 /* LaunchScreen.storyboard */; };
		99C0250320CFA3A1003EF0E1 /* main.m in Sources */ = {isa = PBXBuildFile; fileRef = 99C0250220CFA3A1003EF0E1 /* main.m */; };
		99C0250C20CFA532003EF0E1 /* LGApiManager.m in Sources */ = {isa = PBXBuildFile; fileRef = 99C0250B20CFA532003EF0E1 /* LGApiManager.m */; };
		99C0251020CFC218003EF0E1 /* LGApiProxy.m in Sources */ = {isa = PBXBuildFile; fileRef = 99C0250F20CFC218003EF0E1 /* LGApiProxy.m */; };
		99C0251320CFC258003EF0E1 /* LGURLResponse.m in Sources */ = {isa = PBXBuildFile; fileRef = 99C0251220CFC258003EF0E1 /* LGURLResponse.m */; };
		99C0251620CFD881003EF0E1 /* NSURLRequest+LGNetwork.m in Sources */ = {isa = PBXBuildFile; fileRef = 99C0251520CFD881003EF0E1 /* NSURLRequest+LGNetwork.m */; };
		99E42FB020DE229C006ED069 /* LGSongService.m in Sources */ = {isa = PBXBuildFile; fileRef = 99E42FAF20DE229C006ED069 /* LGSongService.m */; };
		99E42FB320DE252B006ED069 /* LGSongListAPIManager.m in Sources */ = {isa = PBXBuildFile; fileRef = 99E42FB220DE252B006ED069 /* LGSongListAPIManager.m */; };
		99E42FB720DE2737006ED069 /* LGSongListViewController.m in Sources */ = {isa = PBXBuildFile; fileRef = 99E42FB620DE2737006ED069 /* LGSongListViewController.m */; };
		99E42FBA20DE3207006ED069 /* Song.m in Sources */ = {isa = PBXBuildFile; fileRef = 99E42FB820DE3207006ED069 /* Song.m */; };
		99E42FBD20DE3ADF006ED069 /* LGSongListNode.m in Sources */ = {isa = PBXBuildFile; fileRef = 99E42FBC20DE3ADF006ED069 /* LGSongListNode.m */; };
		99E42FC120E099CC006ED069 /* LGRRViewController.m in Sources */ = {isa = PBXBuildFile; fileRef = 99E42FC020E099CC006ED069 /* LGRRViewController.m */; };
		99E42FCC20E09CC4006ED069 /* LGTodayChoice.m in Sources */ = {isa = PBXBuildFile; fileRef = 99E42FC220E09CC2006ED069 /* LGTodayChoice.m */; };
		99E42FCD20E09CC4006ED069 /* LGTopVideo.m in Sources */ = {isa = PBXBuildFile; fileRef = 99E42FC420E09CC3006ED069 /* LGTopVideo.m */; };
		99E42FCE20E09CC4006ED069 /* LGSection.m in Sources */ = {isa = PBXBuildFile; fileRef = 99E42FC720E09CC3006ED069 /* LGSection.m */; };
		99E42FD020E09CC5006ED069 /* LGContent.m in Sources */ = {isa = PBXBuildFile; fileRef = 99E42FC920E09CC4006ED069 /* LGContent.m */; };
		99E42FD420E0BE2A006ED069 /* LGRRHomeService.m in Sources */ = {isa = PBXBuildFile; fileRef = 99E42FD320E0BE2A006ED069 /* LGRRHomeService.m */; };
		99E42FD720E0BE6B006ED069 /* LGRRHomeApiManager.m in Sources */ = {isa = PBXBuildFile; fileRef = 99E42FD620E0BE6B006ED069 /* LGRRHomeApiManager.m */; };
		99E42FDF20E0CC8C006ED069 /* LGIconItemNode.m in Sources */ = {isa = PBXBuildFile; fileRef = 99E42FDE20E0CC8C006ED069 /* LGIconItemNode.m */; };
		99E42FE220E0D3B7006ED069 /* LGRRBeanCellNode.m in Sources */ = {isa = PBXBuildFile; fileRef = 99E42FE120E0D3B7006ED069 /* LGRRBeanCellNode.m */; };
		99E42FE520E0EFB0006ED069 /* LGSectionItemNode.m in Sources */ = {isa = PBXBuildFile; fileRef = 99E42FE420E0EFB0006ED069 /* LGSectionItemNode.m */; };
		99E42FE820E0FB9B006ED069 /* LGRRSectionCellNode.m in Sources */ = {isa = PBXBuildFile; fileRef = 99E42FE720E0FB9B006ED069 /* LGRRSectionCellNode.m */; };
		99E42FEB20E1E0AD006ED069 /* LGAdvertise.m in Sources */ = {isa = PBXBuildFile; fileRef = 99E42FEA20E1E0AD006ED069 /* LGAdvertise.m */; };
		99E42FEE20E1E22E006ED069 /* LGRRAdvertiseCellNode.m in Sources */ = {isa = PBXBuildFile; fileRef = 99E42FED20E1E22E006ED069 /* LGRRAdvertiseCellNode.m */; };
		99E42FF120E1ECB6006ED069 /* LGRRSectionFooterNode.m in Sources */ = {isa = PBXBuildFile; fileRef = 99E42FF020E1ECB6006ED069 /* LGRRSectionFooterNode.m */; };
		99E42FF420E1EDEA006ED069 /* LGRRSectionFooterItemNode.m in Sources */ = {isa = PBXBuildFile; fileRef = 99E42FF320E1EDEA006ED069 /* LGRRSectionFooterItemNode.m */; };
		99E42FF920E1F1DA006ED069 /* ic_more_new_14x14_@2x.png in Resources */ = {isa = PBXBuildFile; fileRef = 99E42FF720E1F1DA006ED069 /* ic_more_new_14x14_@2x.png */; };
		99E42FFA20E1F1DA006ED069 /* ic_more_new_14x14_@3x.png in Resources */ = {isa = PBXBuildFile; fileRef = 99E42FF820E1F1DA006ED069 /* ic_more_new_14x14_@3x.png */; };
		99E42FFD20E1F854006ED069 /* ic_f5_14x14_@3x.png in Resources */ = {isa = PBXBuildFile; fileRef = 99E42FFB20E1F854006ED069 /* ic_f5_14x14_@3x.png */; };
		99E42FFE20E1F854006ED069 /* ic_f5_14x14_@2x.png in Resources */ = {isa = PBXBuildFile; fileRef = 99E42FFC20E1F854006ED069 /* ic_f5_14x14_@2x.png */; };
		99E4300120E20092006ED069 /* heng_default_375x211_@3x.png in Resources */ = {isa = PBXBuildFile; fileRef = 99E42FFF20E20092006ED069 /* heng_default_375x211_@3x.png */; };
		99E4300220E20092006ED069 /* heng_default_375x211_@2x.png in Resources */ = {isa = PBXBuildFile; fileRef = 99E4300020E20092006ED069 /* heng_default_375x211_@2x.png */; };
		99E4300520E20F3C006ED069 /* LGBannerTop.m in Sources */ = {isa = PBXBuildFile; fileRef = 99E4300420E20F3C006ED069 /* LGBannerTop.m */; };
		99E4300820E20FAB006ED069 /* LGBannerNode.m in Sources */ = {isa = PBXBuildFile; fileRef = 99E4300720E20FAB006ED069 /* LGBannerNode.m */; };
		99E4300B20E21977006ED069 /* LGRRBannerCellNode.m in Sources */ = {isa = PBXBuildFile; fileRef = 99E4300A20E21977006ED069 /* LGRRBannerCellNode.m */; };
		BC772F5CEEB0C3F1AF4C1B2B /* libPods-ApiManagerDemo.a in Frameworks */ = {isa = PBXBuildFile; fileRef = C58E5174186418047B1D07C7 /* libPods-ApiManagerDemo.a */; };
/* End PBXBuildFile section */

/* Begin PBXFileReference section */
		40279A9D90EB55AE0E38F3B1 /* Pods-ApiManagerDemo.debug.xcconfig */ = {isa = PBXFileReference; includeInIndex = 1; lastKnownFileType = text.xcconfig; name = "Pods-ApiManagerDemo.debug.xcconfig"; path = "Pods/Target Support Files/Pods-ApiManagerDemo/Pods-ApiManagerDemo.debug.xcconfig"; sourceTree = "<group>"; };
		8ADB8FFADEFDB260A0C64144 /* Pods-ApiManagerDemo.release.xcconfig */ = {isa = PBXFileReference; includeInIndex = 1; lastKnownFileType = text.xcconfig; name = "Pods-ApiManagerDemo.release.xcconfig"; path = "Pods/Target Support Files/Pods-ApiManagerDemo/Pods-ApiManagerDemo.release.xcconfig"; sourceTree = "<group>"; };
		99AF7D3B20E35D0D0063D026 /* rr_AppIcon60x60@2x.png */ = {isa = PBXFileReference; lastKnownFileType = image.png; path = "rr_AppIcon60x60@2x.png"; sourceTree = "<group>"; };
		99AF7D3C20E35D0D0063D026 /* rr_AppIcon60x60@3x.png */ = {isa = PBXFileReference; lastKnownFileType = image.png; path = "rr_AppIcon60x60@3x.png"; sourceTree = "<group>"; };
		99AF7D4120E365810063D026 /* lg_app_60@3x.png */ = {isa = PBXFileReference; lastKnownFileType = image.png; path = "lg_app_60@3x.png"; sourceTree = "<group>"; };
		99AF7D4220E365810063D026 /* lg_app_60@2x.png */ = {isa = PBXFileReference; lastKnownFileType = image.png; path = "lg_app_60@2x.png"; sourceTree = "<group>"; };
		99C024F020CFA3A1003EF0E1 /* ApiManagerDemo.app */ = {isa = PBXFileReference; explicitFileType = wrapper.application; includeInIndex = 0; path = ApiManagerDemo.app; sourceTree = BUILT_PRODUCTS_DIR; };
		99C024F320CFA3A1003EF0E1 /* AppDelegate.h */ = {isa = PBXFileReference; lastKnownFileType = sourcecode.c.h; path = AppDelegate.h; sourceTree = "<group>"; };
		99C024F420CFA3A1003EF0E1 /* AppDelegate.m */ = {isa = PBXFileReference; lastKnownFileType = sourcecode.c.objc; path = AppDelegate.m; sourceTree = "<group>"; };
		99C024F620CFA3A1003EF0E1 /* ViewController.h */ = {isa = PBXFileReference; lastKnownFileType = sourcecode.c.h; path = ViewController.h; sourceTree = "<group>"; };
		99C024F720CFA3A1003EF0E1 /* ViewController.m */ = {isa = PBXFileReference; lastKnownFileType = sourcecode.c.objc; path = ViewController.m; sourceTree = "<group>"; };
		99C024FA20CFA3A1003EF0E1 /* Base */ = {isa = PBXFileReference; lastKnownFileType = file.storyboard; name = Base; path = Base.lproj/Main.storyboard; sourceTree = "<group>"; };
		99C024FC20CFA3A1003EF0E1 /* Assets.xcassets */ = {isa = PBXFileReference; lastKnownFileType = folder.assetcatalog; path = Assets.xcassets; sourceTree = "<group>"; };
		99C024FF20CFA3A1003EF0E1 /* Base */ = {isa = PBXFileReference; lastKnownFileType = file.storyboard; name = Base; path = Base.lproj/LaunchScreen.storyboard; sourceTree = "<group>"; };
		99C0250120CFA3A1003EF0E1 /* Info.plist */ = {isa = PBXFileReference; lastKnownFileType = text.plist.xml; path = Info.plist; sourceTree = "<group>"; };
		99C0250220CFA3A1003EF0E1 /* main.m */ = {isa = PBXFileReference; lastKnownFileType = sourcecode.c.objc; path = main.m; sourceTree = "<group>"; };
		99C0250A20CFA532003EF0E1 /* LGApiManager.h */ = {isa = PBXFileReference; lastKnownFileType = sourcecode.c.h; path = LGApiManager.h; sourceTree = "<group>"; };
		99C0250B20CFA532003EF0E1 /* LGApiManager.m */ = {isa = PBXFileReference; lastKnownFileType = sourcecode.c.objc; path = LGApiManager.m; sourceTree = "<group>"; };
		99C0250D20CFA73A003EF0E1 /* LGNetwork.h */ = {isa = PBXFileReference; lastKnownFileType = sourcecode.c.h; path = LGNetwork.h; sourceTree = "<group>"; };
		99C0250E20CFC218003EF0E1 /* LGApiProxy.h */ = {isa = PBXFileReference; lastKnownFileType = sourcecode.c.h; path = LGApiProxy.h; sourceTree = "<group>"; };
		99C0250F20CFC218003EF0E1 /* LGApiProxy.m */ = {isa = PBXFileReference; lastKnownFileType = sourcecode.c.objc; path = LGApiProxy.m; sourceTree = "<group>"; };
		99C0251120CFC258003EF0E1 /* LGURLResponse.h */ = {isa = PBXFileReference; lastKnownFileType = sourcecode.c.h; path = LGURLResponse.h; sourceTree = "<group>"; };
		99C0251220CFC258003EF0E1 /* LGURLResponse.m */ = {isa = PBXFileReference; lastKnownFileType = sourcecode.c.objc; path = LGURLResponse.m; sourceTree = "<group>"; };
		99C0251420CFD881003EF0E1 /* NSURLRequest+LGNetwork.h */ = {isa = PBXFileReference; lastKnownFileType = sourcecode.c.h; path = "NSURLRequest+LGNetwork.h"; sourceTree = "<group>"; };
		99C0251520CFD881003EF0E1 /* NSURLRequest+LGNetwork.m */ = {isa = PBXFileReference; lastKnownFileType = sourcecode.c.objc; path = "NSURLRequest+LGNetwork.m"; sourceTree = "<group>"; };
		99C0251720CFDB0E003EF0E1 /* LGNetworkDefines.h */ = {isa = PBXFileReference; lastKnownFileType = sourcecode.c.h; path = LGNetworkDefines.h; sourceTree = "<group>"; };
		99C0251A20D0B8F3003EF0E1 /* LGServiceProtocol.h */ = {isa = PBXFileReference; lastKnownFileType = sourcecode.c.h; path = LGServiceProtocol.h; sourceTree = "<group>"; };
		99E42FAE20DE229C006ED069 /* LGSongService.h */ = {isa = PBXFileReference; lastKnownFileType = sourcecode.c.h; path = LGSongService.h; sourceTree = "<group>"; };
		99E42FAF20DE229C006ED069 /* LGSongService.m */ = {isa = PBXFileReference; lastKnownFileType = sourcecode.c.objc; path = LGSongService.m; sourceTree = "<group>"; };
		99E42FB120DE252B006ED069 /* LGSongListApiManager.h */ = {isa = PBXFileReference; lastKnownFileType = sourcecode.c.h; path = LGSongListApiManager.h; sourceTree = "<group>"; };
		99E42FB220DE252B006ED069 /* LGSongListAPIManager.m */ = {isa = PBXFileReference; lastKnownFileType = sourcecode.c.objc; path = LGSongListAPIManager.m; sourceTree = "<group>"; };
		99E42FB520DE2737006ED069 /* LGSongListViewController.h */ = {isa = PBXFileReference; lastKnownFileType = sourcecode.c.h; path = LGSongListViewController.h; sourceTree = "<group>"; };
		99E42FB620DE2737006ED069 /* LGSongListViewController.m */ = {isa = PBXFileReference; lastKnownFileType = sourcecode.c.objc; path = LGSongListViewController.m; sourceTree = "<group>"; };
		99E42FB820DE3207006ED069 /* Song.m */ = {isa = PBXFileReference; fileEncoding = 4; lastKnownFileType = sourcecode.c.objc; path = Song.m; sourceTree = "<group>"; };
		99E42FB920DE3207006ED069 /* Song.h */ = {isa = PBXFileReference; fileEncoding = 4; lastKnownFileType = sourcecode.c.h; path = Song.h; sourceTree = "<group>"; };
		99E42FBB20DE3ADF006ED069 /* LGSongListNode.h */ = {isa = PBXFileReference; lastKnownFileType = sourcecode.c.h; path = LGSongListNode.h; sourceTree = "<group>"; };
		99E42FBC20DE3ADF006ED069 /* LGSongListNode.m */ = {isa = PBXFileReference; lastKnownFileType = sourcecode.c.objc; path = LGSongListNode.m; sourceTree = "<group>"; };
		99E42FBF20E099CC006ED069 /* LGRRViewController.h */ = {isa = PBXFileReference; lastKnownFileType = sourcecode.c.h; path = LGRRViewController.h; sourceTree = "<group>"; };
		99E42FC020E099CC006ED069 /* LGRRViewController.m */ = {isa = PBXFileReference; lastKnownFileType = sourcecode.c.objc; path = LGRRViewController.m; sourceTree = "<group>"; };
		99E42FC220E09CC2006ED069 /* LGTodayChoice.m */ = {isa = PBXFileReference; fileEncoding = 4; lastKnownFileType = sourcecode.c.objc; path = LGTodayChoice.m; sourceTree = "<group>"; };
		99E42FC320E09CC2006ED069 /* LGTopVideo.h */ = {isa = PBXFileReference; fileEncoding = 4; lastKnownFileType = sourcecode.c.h; path = LGTopVideo.h; sourceTree = "<group>"; };
		99E42FC420E09CC3006ED069 /* LGTopVideo.m */ = {isa = PBXFileReference; fileEncoding = 4; lastKnownFileType = sourcecode.c.objc; path = LGTopVideo.m; sourceTree = "<group>"; };
		99E42FC620E09CC3006ED069 /* LGSection.h */ = {isa = PBXFileReference; fileEncoding = 4; lastKnownFileType = sourcecode.c.h; path = LGSection.h; sourceTree = "<group>"; };
		99E42FC720E09CC3006ED069 /* LGSection.m */ = {isa = PBXFileReference; fileEncoding = 4; lastKnownFileType = sourcecode.c.objc; path = LGSection.m; sourceTree = "<group>"; };
		99E42FC920E09CC4006ED069 /* LGContent.m */ = {isa = PBXFileReference; fileEncoding = 4; lastKnownFileType = sourcecode.c.objc; path = LGContent.m; sourceTree = "<group>"; };
		99E42FCA20E09CC4006ED069 /* LGTodayChoice.h */ = {isa = PBXFileReference; fileEncoding = 4; lastKnownFileType = sourcecode.c.h; path = LGTodayChoice.h; sourceTree = "<group>"; };
		99E42FCB20E09CC4006ED069 /* LGContent.h */ = {isa = PBXFileReference; fileEncoding = 4; lastKnownFileType = sourcecode.c.h; path = LGContent.h; sourceTree = "<group>"; };
		99E42FD220E0BE2A006ED069 /* LGRRHomeService.h */ = {isa = PBXFileReference; lastKnownFileType = sourcecode.c.h; path = LGRRHomeService.h; sourceTree = "<group>"; };
		99E42FD320E0BE2A006ED069 /* LGRRHomeService.m */ = {isa = PBXFileReference; lastKnownFileType = sourcecode.c.objc; path = LGRRHomeService.m; sourceTree = "<group>"; };
		99E42FD520E0BE6B006ED069 /* LGRRHomeApiManager.h */ = {isa = PBXFileReference; lastKnownFileType = sourcecode.c.h; path = LGRRHomeApiManager.h; sourceTree = "<group>"; };
		99E42FD620E0BE6B006ED069 /* LGRRHomeApiManager.m */ = {isa = PBXFileReference; lastKnownFileType = sourcecode.c.objc; path = LGRRHomeApiManager.m; sourceTree = "<group>"; };
		99E42FDD20E0CC8C006ED069 /* LGIconItemNode.h */ = {isa = PBXFileReference; lastKnownFileType = sourcecode.c.h; path = LGIconItemNode.h; sourceTree = "<group>"; };
		99E42FDE20E0CC8C006ED069 /* LGIconItemNode.m */ = {isa = PBXFileReference; lastKnownFileType = sourcecode.c.objc; path = LGIconItemNode.m; sourceTree = "<group>"; };
		99E42FE020E0D3B7006ED069 /* LGRRBeanCellNode.h */ = {isa = PBXFileReference; lastKnownFileType = sourcecode.c.h; path = LGRRBeanCellNode.h; sourceTree = "<group>"; };
		99E42FE120E0D3B7006ED069 /* LGRRBeanCellNode.m */ = {isa = PBXFileReference; lastKnownFileType = sourcecode.c.objc; path = LGRRBeanCellNode.m; sourceTree = "<group>"; };
		99E42FE320E0EFB0006ED069 /* LGSectionItemNode.h */ = {isa = PBXFileReference; lastKnownFileType = sourcecode.c.h; path = LGSectionItemNode.h; sourceTree = "<group>"; };
		99E42FE420E0EFB0006ED069 /* LGSectionItemNode.m */ = {isa = PBXFileReference; lastKnownFileType = sourcecode.c.objc; path = LGSectionItemNode.m; sourceTree = "<group>"; };
		99E42FE620E0FB9B006ED069 /* LGRRSectionCellNode.h */ = {isa = PBXFileReference; lastKnownFileType = sourcecode.c.h; path = LGRRSectionCellNode.h; sourceTree = "<group>"; };
		99E42FE720E0FB9B006ED069 /* LGRRSectionCellNode.m */ = {isa = PBXFileReference; lastKnownFileType = sourcecode.c.objc; path = LGRRSectionCellNode.m; sourceTree = "<group>"; };
		99E42FE920E1E0AC006ED069 /* LGAdvertise.h */ = {isa = PBXFileReference; fileEncoding = 4; lastKnownFileType = sourcecode.c.h; path = LGAdvertise.h; sourceTree = "<group>"; };
		99E42FEA20E1E0AD006ED069 /* LGAdvertise.m */ = {isa = PBXFileReference; fileEncoding = 4; lastKnownFileType = sourcecode.c.objc; path = LGAdvertise.m; sourceTree = "<group>"; };
		99E42FEC20E1E22E006ED069 /* LGRRAdvertiseCellNode.h */ = {isa = PBXFileReference; lastKnownFileType = sourcecode.c.h; path = LGRRAdvertiseCellNode.h; sourceTree = "<group>"; };
		99E42FED20E1E22E006ED069 /* LGRRAdvertiseCellNode.m */ = {isa = PBXFileReference; lastKnownFileType = sourcecode.c.objc; path = LGRRAdvertiseCellNode.m; sourceTree = "<group>"; };
		99E42FEF20E1ECB6006ED069 /* LGRRSectionFooterNode.h */ = {isa = PBXFileReference; lastKnownFileType = sourcecode.c.h; path = LGRRSectionFooterNode.h; sourceTree = "<group>"; };
		99E42FF020E1ECB6006ED069 /* LGRRSectionFooterNode.m */ = {isa = PBXFileReference; lastKnownFileType = sourcecode.c.objc; path = LGRRSectionFooterNode.m; sourceTree = "<group>"; };
		99E42FF220E1EDEA006ED069 /* LGRRSectionFooterItemNode.h */ = {isa = PBXFileReference; lastKnownFileType = sourcecode.c.h; path = LGRRSectionFooterItemNode.h; sourceTree = "<group>"; };
		99E42FF320E1EDEA006ED069 /* LGRRSectionFooterItemNode.m */ = {isa = PBXFileReference; lastKnownFileType = sourcecode.c.objc; path = LGRRSectionFooterItemNode.m; sourceTree = "<group>"; };
		99E42FF720E1F1DA006ED069 /* ic_more_new_14x14_@2x.png */ = {isa = PBXFileReference; lastKnownFileType = image.png; path = "ic_more_new_14x14_@2x.png"; sourceTree = "<group>"; };
		99E42FF820E1F1DA006ED069 /* ic_more_new_14x14_@3x.png */ = {isa = PBXFileReference; lastKnownFileType = image.png; path = "ic_more_new_14x14_@3x.png"; sourceTree = "<group>"; };
		99E42FFB20E1F854006ED069 /* ic_f5_14x14_@3x.png */ = {isa = PBXFileReference; lastKnownFileType = image.png; path = "ic_f5_14x14_@3x.png"; sourceTree = "<group>"; };
		99E42FFC20E1F854006ED069 /* ic_f5_14x14_@2x.png */ = {isa = PBXFileReference; lastKnownFileType = image.png; path = "ic_f5_14x14_@2x.png"; sourceTree = "<group>"; };
		99E42FFF20E20092006ED069 /* heng_default_375x211_@3x.png */ = {isa = PBXFileReference; lastKnownFileType = image.png; path = "heng_default_375x211_@3x.png"; sourceTree = "<group>"; };
		99E4300020E20092006ED069 /* heng_default_375x211_@2x.png */ = {isa = PBXFileReference; lastKnownFileType = image.png; path = "heng_default_375x211_@2x.png"; sourceTree = "<group>"; };
		99E4300320E20F3C006ED069 /* LGBannerTop.h */ = {isa = PBXFileReference; fileEncoding = 4; lastKnownFileType = sourcecode.c.h; path = LGBannerTop.h; sourceTree = "<group>"; };
		99E4300420E20F3C006ED069 /* LGBannerTop.m */ = {isa = PBXFileReference; fileEncoding = 4; lastKnownFileType = sourcecode.c.objc; path = LGBannerTop.m; sourceTree = "<group>"; };
		99E4300620E20FAB006ED069 /* LGBannerNode.h */ = {isa = PBXFileReference; lastKnownFileType = sourcecode.c.h; path = LGBannerNode.h; sourceTree = "<group>"; };
		99E4300720E20FAB006ED069 /* LGBannerNode.m */ = {isa = PBXFileReference; lastKnownFileType = sourcecode.c.objc; path = LGBannerNode.m; sourceTree = "<group>"; };
		99E4300920E21977006ED069 /* LGRRBannerCellNode.h */ = {isa = PBXFileReference; lastKnownFileType = sourcecode.c.h; path = LGRRBannerCellNode.h; sourceTree = "<group>"; };
		99E4300A20E21977006ED069 /* LGRRBannerCellNode.m */ = {isa = PBXFileReference; lastKnownFileType = sourcecode.c.objc; path = LGRRBannerCellNode.m; sourceTree = "<group>"; };
		C58E5174186418047B1D07C7 /* libPods-ApiManagerDemo.a */ = {isa = PBXFileReference; explicitFileType = archive.ar; includeInIndex = 0; path = "libPods-ApiManagerDemo.a"; sourceTree = BUILT_PRODUCTS_DIR; };
/* End PBXFileReference section */

/* Begin PBXFrameworksBuildPhase section */
		99C024ED20CFA3A1003EF0E1 /* Frameworks */ = {
			isa = PBXFrameworksBuildPhase;
			buildActionMask = 2147483647;
			files = (
				BC772F5CEEB0C3F1AF4C1B2B /* libPods-ApiManagerDemo.a in Frameworks */,
			);
			runOnlyForDeploymentPostprocessing = 0;
		};
/* End PBXFrameworksBuildPhase section */

/* Begin PBXGroup section */
		99AF7D3F20E3656A0063D026 /* Resources */ = {
			isa = PBXGroup;
			children = (
				99AF7D4020E365750063D026 /* Images */,
			);
			path = Resources;
			sourceTree = "<group>";
		};
		99AF7D4020E365750063D026 /* Images */ = {
			isa = PBXGroup;
			children = (
				99AF7D4220E365810063D026 /* lg_app_60@2x.png */,
				99AF7D4120E365810063D026 /* lg_app_60@3x.png */,
			);
			path = Images;
			sourceTree = "<group>";
		};
		99AF7D4520E366A50063D026 /* Demos */ = {
			isa = PBXGroup;
			children = (
				99E42FBE20E0997F006ED069 /* RR */,
				99E42FB420DE2536006ED069 /* LGMusic */,
			);
			path = Demos;
			sourceTree = "<group>";
		};
		99C024E720CFA3A1003EF0E1 = {
			isa = PBXGroup;
			children = (
				99C024F220CFA3A1003EF0E1 /* ApiManagerDemo */,
				99C024F120CFA3A1003EF0E1 /* Products */,
				E76FA776B2A1E6E0A99371F8 /* Pods */,
				BD346C2040C2B88C895EC808 /* Frameworks */,
			);
			sourceTree = "<group>";
		};
		99C024F120CFA3A1003EF0E1 /* Products */ = {
			isa = PBXGroup;
			children = (
				99C024F020CFA3A1003EF0E1 /* ApiManagerDemo.app */,
			);
			name = Products;
			sourceTree = "<group>";
		};
		99C024F220CFA3A1003EF0E1 /* ApiManagerDemo */ = {
			isa = PBXGroup;
			children = (
				99AF7D4520E366A50063D026 /* Demos */,
				99C0250920CFA4D8003EF0E1 /* LGNetwork */,
				99C024F320CFA3A1003EF0E1 /* AppDelegate.h */,
				99C024F420CFA3A1003EF0E1 /* AppDelegate.m */,
				99C024F620CFA3A1003EF0E1 /* ViewController.h */,
				99C024F720CFA3A1003EF0E1 /* ViewController.m */,
				99C024F920CFA3A1003EF0E1 /* Main.storyboard */,
				99C024FC20CFA3A1003EF0E1 /* Assets.xcassets */,
				99C024FE20CFA3A1003EF0E1 /* LaunchScreen.storyboard */,
				99C0250120CFA3A1003EF0E1 /* Info.plist */,
				99C0250220CFA3A1003EF0E1 /* main.m */,
			);
			path = ApiManagerDemo;
			sourceTree = "<group>";
		};
		99C0250920CFA4D8003EF0E1 /* LGNetwork */ = {
			isa = PBXGroup;
			children = (
				99C0251A20D0B8F3003EF0E1 /* LGServiceProtocol.h */,
				99C0250D20CFA73A003EF0E1 /* LGNetwork.h */,
				99C0251720CFDB0E003EF0E1 /* LGNetworkDefines.h */,
				99C0250A20CFA532003EF0E1 /* LGApiManager.h */,
				99C0250B20CFA532003EF0E1 /* LGApiManager.m */,
				99C0250E20CFC218003EF0E1 /* LGApiProxy.h */,
				99C0250F20CFC218003EF0E1 /* LGApiProxy.m */,
				99C0251420CFD881003EF0E1 /* NSURLRequest+LGNetwork.h */,
				99C0251520CFD881003EF0E1 /* NSURLRequest+LGNetwork.m */,
				99C0251120CFC258003EF0E1 /* LGURLResponse.h */,
				99C0251220CFC258003EF0E1 /* LGURLResponse.m */,
			);
			path = LGNetwork;
			sourceTree = "<group>";
		};
		99E42FB420DE2536006ED069 /* LGMusic */ = {
			isa = PBXGroup;
			children = (
				99AF7D3F20E3656A0063D026 /* Resources */,
				99E42FDB20E0CA13006ED069 /* ApiManager */,
				99E42FDA20E0CA01006ED069 /* View */,
				99E42FD920E0C9FC006ED069 /* Data */,
				99E42FB520DE2737006ED069 /* LGSongListViewController.h */,
				99E42FB620DE2737006ED069 /* LGSongListViewController.m */,
			);
			path = LGMusic;
			sourceTree = "<group>";
		};
		99E42FBE20E0997F006ED069 /* RR */ = {
			isa = PBXGroup;
			children = (
				99E42FF520E1F1C5006ED069 /* Resources */,
				99E42FDC20E0CA25006ED069 /* View */,
				99E42FD820E0C9CE006ED069 /* Data */,
				99E42FD120E0BDF1006ED069 /* ApiManager */,
				99E42FBF20E099CC006ED069 /* LGRRViewController.h */,
				99E42FC020E099CC006ED069 /* LGRRViewController.m */,
			);
			path = RR;
			sourceTree = "<group>";
		};
		99E42FD120E0BDF1006ED069 /* ApiManager */ = {
			isa = PBXGroup;
			children = (
				99E42FD220E0BE2A006ED069 /* LGRRHomeService.h */,
				99E42FD320E0BE2A006ED069 /* LGRRHomeService.m */,
				99E42FD520E0BE6B006ED069 /* LGRRHomeApiManager.h */,
				99E42FD620E0BE6B006ED069 /* LGRRHomeApiManager.m */,
			);
			path = ApiManager;
			sourceTree = "<group>";
		};
		99E42FD820E0C9CE006ED069 /* Data */ = {
			isa = PBXGroup;
			children = (
				99E4300320E20F3C006ED069 /* LGBannerTop.h */,
				99E4300420E20F3C006ED069 /* LGBannerTop.m */,
				99E42FE920E1E0AC006ED069 /* LGAdvertise.h */,
				99E42FEA20E1E0AD006ED069 /* LGAdvertise.m */,
				99E42FCB20E09CC4006ED069 /* LGContent.h */,
				99E42FC920E09CC4006ED069 /* LGContent.m */,
				99E42FC620E09CC3006ED069 /* LGSection.h */,
				99E42FC720E09CC3006ED069 /* LGSection.m */,
				99E42FCA20E09CC4006ED069 /* LGTodayChoice.h */,
				99E42FC220E09CC2006ED069 /* LGTodayChoice.m */,
				99E42FC320E09CC2006ED069 /* LGTopVideo.h */,
				99E42FC420E09CC3006ED069 /* LGTopVideo.m */,
			);
			path = Data;
			sourceTree = "<group>";
		};
		99E42FD920E0C9FC006ED069 /* Data */ = {
			isa = PBXGroup;
			children = (
				99E42FB920DE3207006ED069 /* Song.h */,
				99E42FB820DE3207006ED069 /* Song.m */,
			);
			path = Data;
			sourceTree = "<group>";
		};
		99E42FDA20E0CA01006ED069 /* View */ = {
			isa = PBXGroup;
			children = (
				99E42FBB20DE3ADF006ED069 /* LGSongListNode.h */,
				99E42FBC20DE3ADF006ED069 /* LGSongListNode.m */,
			);
			path = View;
			sourceTree = "<group>";
		};
		99E42FDB20E0CA13006ED069 /* ApiManager */ = {
			isa = PBXGroup;
			children = (
				99E42FAE20DE229C006ED069 /* LGSongService.h */,
				99E42FAF20DE229C006ED069 /* LGSongService.m */,
				99E42FB120DE252B006ED069 /* LGSongListApiManager.h */,
				99E42FB220DE252B006ED069 /* LGSongListAPIManager.m */,
			);
			path = ApiManager;
			sourceTree = "<group>";
		};
		99E42FDC20E0CA25006ED069 /* View */ = {
			isa = PBXGroup;
			children = (
				99E42FDD20E0CC8C006ED069 /* LGIconItemNode.h */,
				99E42FDE20E0CC8C006ED069 /* LGIconItemNode.m */,
				99E42FE020E0D3B7006ED069 /* LGRRBeanCellNode.h */,
				99E42FE120E0D3B7006ED069 /* LGRRBeanCellNode.m */,
				99E42FEC20E1E22E006ED069 /* LGRRAdvertiseCellNode.h */,
				99E42FED20E1E22E006ED069 /* LGRRAdvertiseCellNode.m */,
				99E42FE320E0EFB0006ED069 /* LGSectionItemNode.h */,
				99E42FE420E0EFB0006ED069 /* LGSectionItemNode.m */,
				99E42FEF20E1ECB6006ED069 /* LGRRSectionFooterNode.h */,
				99E42FF020E1ECB6006ED069 /* LGRRSectionFooterNode.m */,
				99E42FF220E1EDEA006ED069 /* LGRRSectionFooterItemNode.h */,
				99E42FF320E1EDEA006ED069 /* LGRRSectionFooterItemNode.m */,
				99E42FE620E0FB9B006ED069 /* LGRRSectionCellNode.h */,
				99E42FE720E0FB9B006ED069 /* LGRRSectionCellNode.m */,
				99E4300620E20FAB006ED069 /* LGBannerNode.h */,
				99E4300720E20FAB006ED069 /* LGBannerNode.m */,
				99E4300920E21977006ED069 /* LGRRBannerCellNode.h */,
				99E4300A20E21977006ED069 /* LGRRBannerCellNode.m */,
			);
			path = View;
			sourceTree = "<group>";
		};
		99E42FF520E1F1C5006ED069 /* Resources */ = {
			isa = PBXGroup;
			children = (
				99E42FF620E1F1D0006ED069 /* Images */,
			);
			path = Resources;
			sourceTree = "<group>";
		};
		99E42FF620E1F1D0006ED069 /* Images */ = {
			isa = PBXGroup;
			children = (
				99AF7D3B20E35D0D0063D026 /* rr_AppIcon60x60@2x.png */,
				99AF7D3C20E35D0D0063D026 /* rr_AppIcon60x60@3x.png */,
				99E4300020E20092006ED069 /* heng_default_375x211_@2x.png */,
				99E42FFF20E20092006ED069 /* heng_default_375x211_@3x.png */,
				99E42FFC20E1F854006ED069 /* ic_f5_14x14_@2x.png */,
				99E42FFB20E1F854006ED069 /* ic_f5_14x14_@3x.png */,
				99E42FF720E1F1DA006ED069 /* ic_more_new_14x14_@2x.png */,
				99E42FF820E1F1DA006ED069 /* ic_more_new_14x14_@3x.png */,
			);
			path = Images;
			sourceTree = "<group>";
		};
		BD346C2040C2B88C895EC808 /* Frameworks */ = {
			isa = PBXGroup;
			children = (
				C58E5174186418047B1D07C7 /* libPods-ApiManagerDemo.a */,
			);
			name = Frameworks;
			sourceTree = "<group>";
		};
		E76FA776B2A1E6E0A99371F8 /* Pods */ = {
			isa = PBXGroup;
			children = (
				40279A9D90EB55AE0E38F3B1 /* Pods-ApiManagerDemo.debug.xcconfig */,
				8ADB8FFADEFDB260A0C64144 /* Pods-ApiManagerDemo.release.xcconfig */,
			);
			name = Pods;
			sourceTree = "<group>";
		};
/* End PBXGroup section */

/* Begin PBXNativeTarget section */
		99C024EF20CFA3A1003EF0E1 /* ApiManagerDemo */ = {
			isa = PBXNativeTarget;
			buildConfigurationList = 99C0250620CFA3A1003EF0E1 /* Build configuration list for PBXNativeTarget "ApiManagerDemo" */;
			buildPhases = (
				7E953979C19E3AE00D4D7754 /* [CP] Check Pods Manifest.lock */,
				99C024EC20CFA3A1003EF0E1 /* Sources */,
				99C024ED20CFA3A1003EF0E1 /* Frameworks */,
				99C024EE20CFA3A1003EF0E1 /* Resources */,
				7A67EDD6B9DAEEE9FE178F11 /* [CP] Embed Pods Frameworks */,
				8ED3C0ACA4148DDA469AD753 /* [CP] Copy Pods Resources */,
			);
			buildRules = (
			);
			dependencies = (
			);
			name = ApiManagerDemo;
			productName = ApiManagerDemo;
			productReference = 99C024F020CFA3A1003EF0E1 /* ApiManagerDemo.app */;
			productType = "com.apple.product-type.application";
		};
/* End PBXNativeTarget section */

/* Begin PBXProject section */
		99C024E820CFA3A1003EF0E1 /* Project object */ = {
			isa = PBXProject;
			attributes = {
				CLASSPREFIX = LG;
				LastUpgradeCheck = 0920;
				ORGANIZATIONNAME = LimeGah;
				TargetAttributes = {
					99C024EF20CFA3A1003EF0E1 = {
						CreatedOnToolsVersion = 9.2;
						ProvisioningStyle = Automatic;
					};
				};
			};
			buildConfigurationList = 99C024EB20CFA3A1003EF0E1 /* Build configuration list for PBXProject "ApiManagerDemo" */;
			compatibilityVersion = "Xcode 8.0";
			developmentRegion = en;
			hasScannedForEncodings = 0;
			knownRegions = (
				en,
				Base,
			);
			mainGroup = 99C024E720CFA3A1003EF0E1;
			productRefGroup = 99C024F120CFA3A1003EF0E1 /* Products */;
			projectDirPath = "";
			projectRoot = "";
			targets = (
				99C024EF20CFA3A1003EF0E1 /* ApiManagerDemo */,
			);
		};
/* End PBXProject section */

/* Begin PBXResourcesBuildPhase section */
		99C024EE20CFA3A1003EF0E1 /* Resources */ = {
			isa = PBXResourcesBuildPhase;
			buildActionMask = 2147483647;
			files = (
				99AF7D3E20E35D0E0063D026 /* rr_AppIcon60x60@3x.png in Resources */,
				99AF7D3D20E35D0E0063D026 /* rr_AppIcon60x60@2x.png in Resources */,
				99E42FFE20E1F854006ED069 /* ic_f5_14x14_@2x.png in Resources */,
				99E4300220E20092006ED069 /* heng_default_375x211_@2x.png in Resources */,
				99E4300120E20092006ED069 /* heng_default_375x211_@3x.png in Resources */,
				99C0250020CFA3A1003EF0E1 /* LaunchScreen.storyboard in Resources */,
				99AF7D4420E365810063D026 /* lg_app_60@2x.png in Resources */,
				99AF7D4320E365810063D026 /* lg_app_60@3x.png in Resources */,
				99E42FF920E1F1DA006ED069 /* ic_more_new_14x14_@2x.png in Resources */,
				99C024FD20CFA3A1003EF0E1 /* Assets.xcassets in Resources */,
				99E42FFD20E1F854006ED069 /* ic_f5_14x14_@3x.png in Resources */,
				99C024FB20CFA3A1003EF0E1 /* Main.storyboard in Resources */,
				99E42FFA20E1F1DA006ED069 /* ic_more_new_14x14_@3x.png in Resources */,
			);
			runOnlyForDeploymentPostprocessing = 0;
		};
/* End PBXResourcesBuildPhase section */

/* Begin PBXShellScriptBuildPhase section */
		7A67EDD6B9DAEEE9FE178F11 /* [CP] Embed Pods Frameworks */ = {
			isa = PBXShellScriptBuildPhase;
			buildActionMask = 2147483647;
			files = (
			);
			inputPaths = (
			);
			name = "[CP] Embed Pods Frameworks";
			outputPaths = (
			);
			runOnlyForDeploymentPostprocessing = 0;
			shellPath = /bin/sh;
			shellScript = "\"${SRCROOT}/Pods/Target Support Files/Pods-ApiManagerDemo/Pods-ApiManagerDemo-frameworks.sh\"\n";
			showEnvVarsInLog = 0;
		};
		7E953979C19E3AE00D4D7754 /* [CP] Check Pods Manifest.lock */ = {
			isa = PBXShellScriptBuildPhase;
			buildActionMask = 2147483647;
			files = (
			);
			inputPaths = (
				"${PODS_PODFILE_DIR_PATH}/Podfile.lock",
				"${PODS_ROOT}/Manifest.lock",
			);
			name = "[CP] Check Pods Manifest.lock";
			outputPaths = (
				"$(DERIVED_FILE_DIR)/Pods-ApiManagerDemo-checkManifestLockResult.txt",
			);
			runOnlyForDeploymentPostprocessing = 0;
			shellPath = /bin/sh;
			shellScript = "diff \"${PODS_PODFILE_DIR_PATH}/Podfile.lock\" \"${PODS_ROOT}/Manifest.lock\" > /dev/null\nif [ $? != 0 ] ; then\n    # print error to STDERR\n    echo \"error: The sandbox is not in sync with the Podfile.lock. Run 'pod install' or update your CocoaPods installation.\" >&2\n    exit 1\nfi\n# This output is used by Xcode 'outputs' to avoid re-running this script phase.\necho \"SUCCESS\" > \"${SCRIPT_OUTPUT_FILE_0}\"\n";
			showEnvVarsInLog = 0;
		};
		8ED3C0ACA4148DDA469AD753 /* [CP] Copy Pods Resources */ = {
			isa = PBXShellScriptBuildPhase;
			buildActionMask = 2147483647;
			files = (
			);
			inputPaths = (
			);
			name = "[CP] Copy Pods Resources";
			outputPaths = (
			);
			runOnlyForDeploymentPostprocessing = 0;
			shellPath = /bin/sh;
			shellScript = "\"${SRCROOT}/Pods/Target Support Files/Pods-ApiManagerDemo/Pods-ApiManagerDemo-resources.sh\"\n";
			showEnvVarsInLog = 0;
		};
/* End PBXShellScriptBuildPhase section */

/* Begin PBXSourcesBuildPhase section */
		99C024EC20CFA3A1003EF0E1 /* Sources */ = {
			isa = PBXSourcesBuildPhase;
			buildActionMask = 2147483647;
			files = (
				99E42FDF20E0CC8C006ED069 /* LGIconItemNode.m in Sources */,
				99E42FBA20DE3207006ED069 /* Song.m in Sources */,
				99E42FD420E0BE2A006ED069 /* LGRRHomeService.m in Sources */,
				99E42FB020DE229C006ED069 /* LGSongService.m in Sources */,
				99E42FEB20E1E0AD006ED069 /* LGAdvertise.m in Sources */,
				99E42FD720E0BE6B006ED069 /* LGRRHomeApiManager.m in Sources */,
				99E42FEE20E1E22E006ED069 /* LGRRAdvertiseCellNode.m in Sources */,
				99E42FCC20E09CC4006ED069 /* LGTodayChoice.m in Sources */,
				99C024F820CFA3A1003EF0E1 /* ViewController.m in Sources */,
				99E42FCD20E09CC4006ED069 /* LGTopVideo.m in Sources */,
				99E42FF420E1EDEA006ED069 /* LGRRSectionFooterItemNode.m in Sources */,
				99E42FBD20DE3ADF006ED069 /* LGSongListNode.m in Sources */,
				99E42FD020E09CC5006ED069 /* LGContent.m in Sources */,
				99C0251320CFC258003EF0E1 /* LGURLResponse.m in Sources */,
				99E4300520E20F3C006ED069 /* LGBannerTop.m in Sources */,
				99E42FE520E0EFB0006ED069 /* LGSectionItemNode.m in Sources */,
				99E4300820E20FAB006ED069 /* LGBannerNode.m in Sources */,
				99E42FB320DE252B006ED069 /* LGSongListAPIManager.m in Sources */,
				99C0250C20CFA532003EF0E1 /* LGApiManager.m in Sources */,
				99E42FE820E0FB9B006ED069 /* LGRRSectionCellNode.m in Sources */,
				99E42FF120E1ECB6006ED069 /* LGRRSectionFooterNode.m in Sources */,
				99E42FCE20E09CC4006ED069 /* LGSection.m in Sources */,
				99C0250320CFA3A1003EF0E1 /* main.m in Sources */,
				99E4300B20E21977006ED069 /* LGRRBannerCellNode.m in Sources */,
				99C024F520CFA3A1003EF0E1 /* AppDelegate.m in Sources */,
				99C0251620CFD881003EF0E1 /* NSURLRequest+LGNetwork.m in Sources */,
				99E42FC120E099CC006ED069 /* LGRRViewController.m in Sources */,
				99E42FB720DE2737006ED069 /* LGSongListViewController.m in Sources */,
				99E42FE220E0D3B7006ED069 /* LGRRBeanCellNode.m in Sources */,
				99C0251020CFC218003EF0E1 /* LGApiProxy.m in Sources */,
			);
			runOnlyForDeploymentPostprocessing = 0;
		};
/* End PBXSourcesBuildPhase section */

/* Begin PBXVariantGroup section */
		99C024F920CFA3A1003EF0E1 /* Main.storyboard */ = {
			isa = PBXVariantGroup;
			children = (
				99C024FA20CFA3A1003EF0E1 /* Base */,
			);
			name = Main.storyboard;
			sourceTree = "<group>";
		};
		99C024FE20CFA3A1003EF0E1 /* LaunchScreen.storyboard */ = {
			isa = PBXVariantGroup;
			children = (
				99C024FF20CFA3A1003EF0E1 /* Base */,
			);
			name = LaunchScreen.storyboard;
			sourceTree = "<group>";
		};
/* End PBXVariantGroup section */

/* Begin XCBuildConfiguration section */
		99C0250420CFA3A1003EF0E1 /* Debug */ = {
			isa = XCBuildConfiguration;
			buildSettings = {
				ALWAYS_SEARCH_USER_PATHS = NO;
				CLANG_ANALYZER_NONNULL = YES;
				CLANG_ANALYZER_NUMBER_OBJECT_CONVERSION = YES_AGGRESSIVE;
				CLANG_CXX_LANGUAGE_STANDARD = "gnu++14";
				CLANG_CXX_LIBRARY = "libc++";
				CLANG_ENABLE_MODULES = YES;
				CLANG_ENABLE_OBJC_ARC = YES;
				CLANG_WARN_BLOCK_CAPTURE_AUTORELEASING = YES;
				CLANG_WARN_BOOL_CONVERSION = YES;
				CLANG_WARN_COMMA = YES;
				CLANG_WARN_CONSTANT_CONVERSION = YES;
				CLANG_WARN_DIRECT_OBJC_ISA_USAGE = YES_ERROR;
				CLANG_WARN_DOCUMENTATION_COMMENTS = YES;
				CLANG_WARN_EMPTY_BODY = YES;
				CLANG_WARN_ENUM_CONVERSION = YES;
				CLANG_WARN_INFINITE_RECURSION = YES;
				CLANG_WARN_INT_CONVERSION = YES;
				CLANG_WARN_NON_LITERAL_NULL_CONVERSION = YES;
				CLANG_WARN_OBJC_LITERAL_CONVERSION = YES;
				CLANG_WARN_OBJC_ROOT_CLASS = YES_ERROR;
				CLANG_WARN_RANGE_LOOP_ANALYSIS = YES;
				CLANG_WARN_STRICT_PROTOTYPES = YES;
				CLANG_WARN_SUSPICIOUS_MOVE = YES;
				CLANG_WARN_UNGUARDED_AVAILABILITY = YES_AGGRESSIVE;
				CLANG_WARN_UNREACHABLE_CODE = YES;
				CLANG_WARN__DUPLICATE_METHOD_MATCH = YES;
				CODE_SIGN_IDENTITY = "iPhone Developer";
				COPY_PHASE_STRIP = NO;
				DEBUG_INFORMATION_FORMAT = dwarf;
				ENABLE_STRICT_OBJC_MSGSEND = YES;
				ENABLE_TESTABILITY = YES;
				GCC_C_LANGUAGE_STANDARD = gnu11;
				GCC_DYNAMIC_NO_PIC = NO;
				GCC_NO_COMMON_BLOCKS = YES;
				GCC_OPTIMIZATION_LEVEL = 0;
				GCC_PREPROCESSOR_DEFINITIONS = (
					"DEBUG=1",
					"$(inherited)",
				);
				GCC_WARN_64_TO_32_BIT_CONVERSION = YES;
				GCC_WARN_ABOUT_RETURN_TYPE = YES_ERROR;
				GCC_WARN_UNDECLARED_SELECTOR = YES;
				GCC_WARN_UNINITIALIZED_AUTOS = YES_AGGRESSIVE;
				GCC_WARN_UNUSED_FUNCTION = YES;
				GCC_WARN_UNUSED_VARIABLE = YES;
				IPHONEOS_DEPLOYMENT_TARGET = 11.2;
				MTL_ENABLE_DEBUG_INFO = YES;
				ONLY_ACTIVE_ARCH = YES;
				SDKROOT = iphoneos;
			};
			name = Debug;
		};
		99C0250520CFA3A1003EF0E1 /* Release */ = {
			isa = XCBuildConfiguration;
			buildSettings = {
				ALWAYS_SEARCH_USER_PATHS = NO;
				CLANG_ANALYZER_NONNULL = YES;
				CLANG_ANALYZER_NUMBER_OBJECT_CONVERSION = YES_AGGRESSIVE;
				CLANG_CXX_LANGUAGE_STANDARD = "gnu++14";
				CLANG_CXX_LIBRARY = "libc++";
				CLANG_ENABLE_MODULES = YES;
				CLANG_ENABLE_OBJC_ARC = YES;
				CLANG_WARN_BLOCK_CAPTURE_AUTORELEASING = YES;
				CLANG_WARN_BOOL_CONVERSION = YES;
				CLANG_WARN_COMMA = YES;
				CLANG_WARN_CONSTANT_CONVERSION = YES;
				CLANG_WARN_DIRECT_OBJC_ISA_USAGE = YES_ERROR;
				CLANG_WARN_DOCUMENTATION_COMMENTS = YES;
				CLANG_WARN_EMPTY_BODY = YES;
				CLANG_WARN_ENUM_CONVERSION = YES;
				CLANG_WARN_INFINITE_RECURSION = YES;
				CLANG_WARN_INT_CONVERSION = YES;
				CLANG_WARN_NON_LITERAL_NULL_CONVERSION = YES;
				CLANG_WARN_OBJC_LITERAL_CONVERSION = YES;
				CLANG_WARN_OBJC_ROOT_CLASS = YES_ERROR;
				CLANG_WARN_RANGE_LOOP_ANALYSIS = YES;
				CLANG_WARN_STRICT_PROTOTYPES = YES;
				CLANG_WARN_SUSPICIOUS_MOVE = YES;
				CLANG_WARN_UNGUARDED_AVAILABILITY = YES_AGGRESSIVE;
				CLANG_WARN_UNREACHABLE_CODE = YES;
				CLANG_WARN__DUPLICATE_METHOD_MATCH = YES;
				CODE_SIGN_IDENTITY = "iPhone Developer";
				COPY_PHASE_STRIP = NO;
				DEBUG_INFORMATION_FORMAT = "dwarf-with-dsym";
				ENABLE_NS_ASSERTIONS = NO;
				ENABLE_STRICT_OBJC_MSGSEND = YES;
				GCC_C_LANGUAGE_STANDARD = gnu11;
				GCC_NO_COMMON_BLOCKS = YES;
				GCC_WARN_64_TO_32_BIT_CONVERSION = YES;
				GCC_WARN_ABOUT_RETURN_TYPE = YES_ERROR;
				GCC_WARN_UNDECLARED_SELECTOR = YES;
				GCC_WARN_UNINITIALIZED_AUTOS = YES_AGGRESSIVE;
				GCC_WARN_UNUSED_FUNCTION = YES;
				GCC_WARN_UNUSED_VARIABLE = YES;
				IPHONEOS_DEPLOYMENT_TARGET = 11.2;
				MTL_ENABLE_DEBUG_INFO = NO;
				SDKROOT = iphoneos;
				VALIDATE_PRODUCT = YES;
			};
			name = Release;
		};
		99C0250720CFA3A1003EF0E1 /* Debug */ = {
			isa = XCBuildConfiguration;
			baseConfigurationReference = 40279A9D90EB55AE0E38F3B1 /* Pods-ApiManagerDemo.debug.xcconfig */;
			buildSettings = {
				ASSETCATALOG_COMPILER_APPICON_NAME = AppIcon;
				CODE_SIGN_STYLE = Automatic;
				DEVELOPMENT_TEAM = 72PSXHA3MS;
				INFOPLIST_FILE = ApiManagerDemo/Info.plist;
				LD_RUNPATH_SEARCH_PATHS = "$(inherited) @executable_path/Frameworks";
				PRODUCT_BUNDLE_IDENTIFIER = com.limegah.ApiManagerDemo;
				PRODUCT_NAME = "$(TARGET_NAME)";
				TARGETED_DEVICE_FAMILY = "1,2";
			};
			name = Debug;
		};
		99C0250820CFA3A1003EF0E1 /* Release */ = {
			isa = XCBuildConfiguration;
			baseConfigurationReference = 8ADB8FFADEFDB260A0C64144 /* Pods-ApiManagerDemo.release.xcconfig */;
			buildSettings = {
				ASSETCATALOG_COMPILER_APPICON_NAME = AppIcon;
				CODE_SIGN_STYLE = Automatic;
				DEVELOPMENT_TEAM = 72PSXHA3MS;
				INFOPLIST_FILE = ApiManagerDemo/Info.plist;
				LD_RUNPATH_SEARCH_PATHS = "$(inherited) @executable_path/Frameworks";
				PRODUCT_BUNDLE_IDENTIFIER = com.limegah.ApiManagerDemo;
				PRODUCT_NAME = "$(TARGET_NAME)";
				TARGETED_DEVICE_FAMILY = "1,2";
			};
			name = Release;
		};
/* End XCBuildConfiguration section */

/* Begin XCConfigurationList section */
		99C024EB20CFA3A1003EF0E1 /* Build configuration list for PBXProject "ApiManagerDemo" */ = {
			isa = XCConfigurationList;
			buildConfigurations = (
				99C0250420CFA3A1003EF0E1 /* Debug */,
				99C0250520CFA3A1003EF0E1 /* Release */,
			);
			defaultConfigurationIsVisible = 0;
			defaultConfigurationName = Release;
		};
		99C0250620CFA3A1003EF0E1 /* Build configuration list for PBXNativeTarget "ApiManagerDemo" */ = {
			isa = XCConfigurationList;
			buildConfigurations = (
				99C0250720CFA3A1003EF0E1 /* Debug */,
				99C0250820CFA3A1003EF0E1 /* Release */,
			);
			defaultConfigurationIsVisible = 0;
			defaultConfigurationName = Release;
		};
/* End XCConfigurationList section */
	};
	rootObject = 99C024E820CFA3A1003EF0E1 /* Project object */;
}
